{
  "name": "programming",
  "version": "1.0.0",
  "lockfileVersion": 1,
  "requires": true,
  "dependencies": {
    "common": {
      "version": "0.2.5",
      "resolved": "https://registry.npmjs.org/common/-/common-0.2.5.tgz",
      "integrity": "sha1-PHGC9ni9HjaBzVzDSMdZ/o3SI5Q="
    },
    "metarhia": {
      "version": "0.0.1",
      "resolved": "https://registry.npmjs.org/metarhia/-/metarhia-0.0.1.tgz",
      "integrity": "sha1-hWsOMZLb3kKP53nu10O/txZ5Wuc="
    }
  }
}
